
Microsoft Visual Studio Solution File, Format Version 12.00
# Visual Studio Version 16
VisualStudioVersion = 16.0.28729.10
MinimumVisualStudioVersion = 10.0.40219.1
Project("{FAE04EC0-301F-11D3-BF4B-00C04F79EFBC}") = "EmpleadoApp", "EmpleadoApp\EmpleadoApp.csproj", "{883DF60F-970F-4301-B33B-FD6C73163183}"
EndProject
Global
	GlobalSection(SolutionConfigurationPlatforms) = preSolution
		Debug|Any CPU = Debug|Any CPU
		Release|Any CPU = Release|Any CPU
	EndGlobalSection
	GlobalSection(ProjectConfigurationPlatforms) = postSolution
		{883DF60F-970F-4301-B33B-FD6C73163183}.Debug|Any CPU.ActiveCfg = Debug|Any CPU
		{883DF60F-970F-4301-B33B-FD6C73163183}.Debug|Any CPU.Build.0 = Debug|Any CPU
		{883DF60F-970F-4301-B33B-FD6C73163183}.Release|Any CPU.ActiveCfg = Release|Any CPU
		{883DF60F-970F-4301-B33B-FD6C73163183}.Release|Any CPU.Build.0 = Release|Any CPU
	EndGlobalSection
	GlobalSection(SolutionProperties) = preSolution
		HideSolutionNode = FALSE
	EndGlobalSection
	GlobalSection(ExtensibilityGlobals) = postSolution
		SolutionGuid = {550AB8DA-4ABB-41CD-A793-BFD3CC599FFA}
	EndGlobalSection
EndGlobal
